// !$*UTF8*$!
{
	archiveVersion = 1;
	classes = {
	};
	objectVersion = 55;
	objects = {

/* Begin PBXBuildFile section */
		4C42AE76289AA435001589A7 /* TableViewAdapter.swift in Sources */ = {isa = PBXBuildFile; fileRef = 4C42AE75289AA435001589A7 /* TableViewAdapter.swift */; };
		4C42AE78289AA51B001589A7 /* PostTableViewAdapter.swift in Sources */ = {isa = PBXBuildFile; fileRef = 4C42AE77289AA51B001589A7 /* PostTableViewAdapter.swift */; };
		4C42AE7A289AA6B8001589A7 /* PostTableViewCell.swift in Sources */ = {isa = PBXBuildFile; fileRef = 4C42AE79289AA6B8001589A7 /* PostTableViewCell.swift */; };
		4C42AE7C289AA727001589A7 /* UITableView+.swift in Sources */ = {isa = PBXBuildFile; fileRef = 4C42AE7B289AA727001589A7 /* UITableView+.swift */; };
		4C42AE81289AA7A4001589A7 /* ReusableView.swift in Sources */ = {isa = PBXBuildFile; fileRef = 4C42AE80289AA7A4001589A7 /* ReusableView.swift */; };
		4C42AE85289AA827001589A7 /* CodedViewLifecycle.swift in Sources */ = {isa = PBXBuildFile; fileRef = 4C42AE84289AA827001589A7 /* CodedViewLifecycle.swift */; };
		4C42AE92289AB396001589A7 /* DisplayLogicDelegate.swift in Sources */ = {isa = PBXBuildFile; fileRef = 4C42AE91289AB396001589A7 /* DisplayLogicDelegate.swift */; };
		4C42AE94289AB512001589A7 /* PostList.swift in Sources */ = {isa = PBXBuildFile; fileRef = 4C42AE93289AB512001589A7 /* PostList.swift */; };
		4C4ADC11289868540032EB73 /* User.swift in Sources */ = {isa = PBXBuildFile; fileRef = 4C4ADC10289868540032EB73 /* User.swift */; };
		4C4ADC13289869130032EB73 /* Post.swift in Sources */ = {isa = PBXBuildFile; fileRef = 4C4ADC12289869130032EB73 /* Post.swift */; };
		4C700E682896355400097CE4 /* AppDelegate.swift in Sources */ = {isa = PBXBuildFile; fileRef = 4C700E672896355400097CE4 /* AppDelegate.swift */; };
		4C700E6A2896355400097CE4 /* SceneDelegate.swift in Sources */ = {isa = PBXBuildFile; fileRef = 4C700E692896355400097CE4 /* SceneDelegate.swift */; };
		4C700E6C2896355400097CE4 /* TabBarViewController.swift in Sources */ = {isa = PBXBuildFile; fileRef = 4C700E6B2896355400097CE4 /* TabBarViewController.swift */; };
		4C700E712896355600097CE4 /* Assets.xcassets in Resources */ = {isa = PBXBuildFile; fileRef = 4C700E702896355600097CE4 /* Assets.xcassets */; };
		4C700E742896355600097CE4 /* LaunchScreen.storyboard in Resources */ = {isa = PBXBuildFile; fileRef = 4C700E722896355600097CE4 /* LaunchScreen.storyboard */; };
		4C700E892896355600097CE4 /* PosterrUITests.swift in Sources */ = {isa = PBXBuildFile; fileRef = 4C700E882896355600097CE4 /* PosterrUITests.swift */; };
		4C700E8B2896355600097CE4 /* PosterrUITestsLaunchTests.swift in Sources */ = {isa = PBXBuildFile; fileRef = 4C700E8A2896355600097CE4 /* PosterrUITestsLaunchTests.swift */; };
		4C700E9E28963CA000097CE4 /* HomeViewController.swift in Sources */ = {isa = PBXBuildFile; fileRef = 4C700E9D28963CA000097CE4 /* HomeViewController.swift */; };
		4C700EA028963CB300097CE4 /* ProfileViewController.swift in Sources */ = {isa = PBXBuildFile; fileRef = 4C700E9F28963CB300097CE4 /* ProfileViewController.swift */; };
		4C7D204A2898BE1B0021A594 /* NewPostModels.swift in Sources */ = {isa = PBXBuildFile; fileRef = 4C7D20492898BE1B0021A594 /* NewPostModels.swift */; };
		4C7D204D2898C9FA0021A594 /* HomeDataStore.swift in Sources */ = {isa = PBXBuildFile; fileRef = 4C7D204C2898C9FA0021A594 /* HomeDataStore.swift */; };
		4C7D204F2898CA470021A594 /* HomeDataPassing.swift in Sources */ = {isa = PBXBuildFile; fileRef = 4C7D204E2898CA470021A594 /* HomeDataPassing.swift */; };
		4C7D20522898CB240021A594 /* NewPostDataStore.swift in Sources */ = {isa = PBXBuildFile; fileRef = 4C7D20512898CB240021A594 /* NewPostDataStore.swift */; };
		4C7D20542898CB4D0021A594 /* NewPostDataPassing.swift in Sources */ = {isa = PBXBuildFile; fileRef = 4C7D20532898CB4D0021A594 /* NewPostDataPassing.swift */; };
		4C7D20572898D5B00021A594 /* UINavigationController+.swift in Sources */ = {isa = PBXBuildFile; fileRef = 4C7D20562898D5B00021A594 /* UINavigationController+.swift */; };
		4CA66C882899DC37004559A1 /* HomeInteractorTests.swift in Sources */ = {isa = PBXBuildFile; fileRef = 4CA66C872899DC37004559A1 /* HomeInteractorTests.swift */; };
		4CA66C8A2899DE0A004559A1 /* Fixtures.swift in Sources */ = {isa = PBXBuildFile; fileRef = 4CA66C892899DE0A004559A1 /* Fixtures.swift */; };
		4CA66C8E2899F05B004559A1 /* HomePresentersTest.swift in Sources */ = {isa = PBXBuildFile; fileRef = 4CA66C8D2899F05B004559A1 /* HomePresentersTest.swift */; };
		4CA66C902899F0F0004559A1 /* HomeDisplayLogicSpy.swift in Sources */ = {isa = PBXBuildFile; fileRef = 4CA66C8F2899F0F0004559A1 /* HomeDisplayLogicSpy.swift */; };
		4CA66C992899F5A3004559A1 /* NewPostInteractorSpy.swift in Sources */ = {isa = PBXBuildFile; fileRef = 4CA66C982899F5A3004559A1 /* NewPostInteractorSpy.swift */; };
		4CA66C9B2899F658004559A1 /* NewPostPresenterSpy.swift in Sources */ = {isa = PBXBuildFile; fileRef = 4CA66C9A2899F658004559A1 /* NewPostPresenterSpy.swift */; };
		4CA66C9D2899F708004559A1 /* NewPostRouterSpy.swift in Sources */ = {isa = PBXBuildFile; fileRef = 4CA66C9C2899F708004559A1 /* NewPostRouterSpy.swift */; };
		4CA66C9F2899F756004559A1 /* NewPostDisplayLogicSpy.swift in Sources */ = {isa = PBXBuildFile; fileRef = 4CA66C9E2899F756004559A1 /* NewPostDisplayLogicSpy.swift */; };
		4CA66CA12899F829004559A1 /* NewPostViewControllerTests.swift in Sources */ = {isa = PBXBuildFile; fileRef = 4CA66CA02899F829004559A1 /* NewPostViewControllerTests.swift */; };
		4CA66CA32899FAD2004559A1 /* NewPostInteractorTests.swift in Sources */ = {isa = PBXBuildFile; fileRef = 4CA66CA22899FAD2004559A1 /* NewPostInteractorTests.swift */; };
		4CA66CA52899FEF4004559A1 /* NewPostPresenterTests.swift in Sources */ = {isa = PBXBuildFile; fileRef = 4CA66CA42899FEF4004559A1 /* NewPostPresenterTests.swift */; };
		4CDFB1A828996EE400AF45B0 /* HomeViewControllerTests.swift in Sources */ = {isa = PBXBuildFile; fileRef = 4CDFB1A728996EE400AF45B0 /* HomeViewControllerTests.swift */; };
		4CDFB1AD28996F7500AF45B0 /* HomeInteractorSpy.swift in Sources */ = {isa = PBXBuildFile; fileRef = 4CDFB1AC28996F7500AF45B0 /* HomeInteractorSpy.swift */; };
		4CDFB1AF2899701500AF45B0 /* HomePresenterSpy.swift in Sources */ = {isa = PBXBuildFile; fileRef = 4CDFB1AE2899701500AF45B0 /* HomePresenterSpy.swift */; };
		4CDFB1B22899710C00AF45B0 /* HomeRouterSpy.swift in Sources */ = {isa = PBXBuildFile; fileRef = 4CDFB1B12899710C00AF45B0 /* HomeRouterSpy.swift */; };
		4CDFB1BB289981C200AF45B0 /* HomeModels.swift in Sources */ = {isa = PBXBuildFile; fileRef = 4CDFB1BA289981C200AF45B0 /* HomeModels.swift */; };
		4CEE1EDD289722F30006B897 /* HomeDisplayLogic.swift in Sources */ = {isa = PBXBuildFile; fileRef = 4CEE1EDC289722F30006B897 /* HomeDisplayLogic.swift */; };
		4CEE1EE0289723750006B897 /* HomeInteractor.swift in Sources */ = {isa = PBXBuildFile; fileRef = 4CEE1EDF289723750006B897 /* HomeInteractor.swift */; };
		4CEE1EE2289723830006B897 /* HomeInteractionLogic.swift in Sources */ = {isa = PBXBuildFile; fileRef = 4CEE1EE1289723830006B897 /* HomeInteractionLogic.swift */; };
		4CEE1EE62897249C0006B897 /* HomeViewControllerFactory.swift in Sources */ = {isa = PBXBuildFile; fileRef = 4CEE1EE52897249C0006B897 /* HomeViewControllerFactory.swift */; };
		4CEE1EE82897261F0006B897 /* HomePresentationLogic.swift in Sources */ = {isa = PBXBuildFile; fileRef = 4CEE1EE72897261F0006B897 /* HomePresentationLogic.swift */; };
		4CEE1EEA2897262D0006B897 /* HomePresenter.swift in Sources */ = {isa = PBXBuildFile; fileRef = 4CEE1EE92897262D0006B897 /* HomePresenter.swift */; };
		4CEE1EEC289737630006B897 /* ProfileDisplayLogic.swift in Sources */ = {isa = PBXBuildFile; fileRef = 4CEE1EEB289737630006B897 /* ProfileDisplayLogic.swift */; };
		4CEE1EF0289737AC0006B897 /* ProfilePresentationLogic.swift in Sources */ = {isa = PBXBuildFile; fileRef = 4CEE1EEF289737AC0006B897 /* ProfilePresentationLogic.swift */; };
		4CEE1EF728973A3D0006B897 /* ProfileInteractionLogic.swift in Sources */ = {isa = PBXBuildFile; fileRef = 4CEE1EF628973A3D0006B897 /* ProfileInteractionLogic.swift */; };
		4CEE1EF928973A820006B897 /* ProfileInteractor.swift in Sources */ = {isa = PBXBuildFile; fileRef = 4CEE1EF828973A820006B897 /* ProfileInteractor.swift */; };
		4CEE1EFB28973AA00006B897 /* ProfilePresenter.swift in Sources */ = {isa = PBXBuildFile; fileRef = 4CEE1EFA28973AA00006B897 /* ProfilePresenter.swift */; };
		4CEE1EFE28973B050006B897 /* ProfileViewControllerFactory.swift in Sources */ = {isa = PBXBuildFile; fileRef = 4CEE1EFD28973B050006B897 /* ProfileViewControllerFactory.swift */; };
		4CEE1F00289742520006B897 /* NewPostViewController.swift in Sources */ = {isa = PBXBuildFile; fileRef = 4CEE1EFF289742520006B897 /* NewPostViewController.swift */; };
		4CEE1F092897653C0006B897 /* HomeRoutingLogic.swift in Sources */ = {isa = PBXBuildFile; fileRef = 4CEE1F082897653C0006B897 /* HomeRoutingLogic.swift */; };
		4CEE1F0B2897656C0006B897 /* HomeRouter.swift in Sources */ = {isa = PBXBuildFile; fileRef = 4CEE1F0A2897656C0006B897 /* HomeRouter.swift */; };
		4CEE1F0D289768D70006B897 /* NewPostDisplayLogic.swift in Sources */ = {isa = PBXBuildFile; fileRef = 4CEE1F0C289768D70006B897 /* NewPostDisplayLogic.swift */; };
		4CEE1F10289771850006B897 /* NewPostPresentationLogic.swift in Sources */ = {isa = PBXBuildFile; fileRef = 4CEE1F0F289771850006B897 /* NewPostPresentationLogic.swift */; };
		4CEE1F12289771A80006B897 /* NewPostPresenter.swift in Sources */ = {isa = PBXBuildFile; fileRef = 4CEE1F11289771A80006B897 /* NewPostPresenter.swift */; };
		4CEE1F15289771CD0006B897 /* NewPostInteractionLogic.swift in Sources */ = {isa = PBXBuildFile; fileRef = 4CEE1F14289771CD0006B897 /* NewPostInteractionLogic.swift */; };
		4CEE1F17289771E00006B897 /* NewPostInteractor.swift in Sources */ = {isa = PBXBuildFile; fileRef = 4CEE1F16289771E00006B897 /* NewPostInteractor.swift */; };
		4CEE1F1A289772570006B897 /* NewPostRoutingLogic.swift in Sources */ = {isa = PBXBuildFile; fileRef = 4CEE1F19289772570006B897 /* NewPostRoutingLogic.swift */; };
		4CEE1F1C2897726B0006B897 /* NewPostRouter.swift in Sources */ = {isa = PBXBuildFile; fileRef = 4CEE1F1B2897726B0006B897 /* NewPostRouter.swift */; };
		4CEE1F1F289772950006B897 /* NewPostViewControllerFactory.swift in Sources */ = {isa = PBXBuildFile; fileRef = 4CEE1F1E289772950006B897 /* NewPostViewControllerFactory.swift */; };
/* End PBXBuildFile section */

/* Begin PBXContainerItemProxy section */
		4C700E7B2896355600097CE4 /* PBXContainerItemProxy */ = {
			isa = PBXContainerItemProxy;
			containerPortal = 4C700E5C2896355400097CE4 /* Project object */;
			proxyType = 1;
			remoteGlobalIDString = 4C700E632896355400097CE4;
			remoteInfo = Posterr;
		};
		4C700E852896355600097CE4 /* PBXContainerItemProxy */ = {
			isa = PBXContainerItemProxy;
			containerPortal = 4C700E5C2896355400097CE4 /* Project object */;
			proxyType = 1;
			remoteGlobalIDString = 4C700E632896355400097CE4;
			remoteInfo = Posterr;
		};
/* End PBXContainerItemProxy section */

/* Begin PBXFileReference section */
		4C42AE75289AA435001589A7 /* TableViewAdapter.swift */ = {isa = PBXFileReference; lastKnownFileType = sourcecode.swift; path = TableViewAdapter.swift; sourceTree = "<group>"; };
		4C42AE77289AA51B001589A7 /* PostTableViewAdapter.swift */ = {isa = PBXFileReference; lastKnownFileType = sourcecode.swift; path = PostTableViewAdapter.swift; sourceTree = "<group>"; };
		4C42AE79289AA6B8001589A7 /* PostTableViewCell.swift */ = {isa = PBXFileReference; lastKnownFileType = sourcecode.swift; path = PostTableViewCell.swift; sourceTree = "<group>"; };
		4C42AE7B289AA727001589A7 /* UITableView+.swift */ = {isa = PBXFileReference; lastKnownFileType = sourcecode.swift; path = "UITableView+.swift"; sourceTree = "<group>"; };
		4C42AE80289AA7A4001589A7 /* ReusableView.swift */ = {isa = PBXFileReference; lastKnownFileType = sourcecode.swift; name = ReusableView.swift; path = ../../../../../Documents/ReusableView.swift; sourceTree = "<group>"; };
		4C42AE84289AA827001589A7 /* CodedViewLifecycle.swift */ = {isa = PBXFileReference; lastKnownFileType = sourcecode.swift; path = CodedViewLifecycle.swift; sourceTree = "<group>"; };
		4C42AE88289AA886001589A7 /* ReusableView.swift */ = {isa = PBXFileReference; lastKnownFileType = sourcecode.swift; path = ReusableView.swift; sourceTree = "<group>"; };
		4C42AE91289AB396001589A7 /* DisplayLogicDelegate.swift */ = {isa = PBXFileReference; lastKnownFileType = sourcecode.swift; path = DisplayLogicDelegate.swift; sourceTree = "<group>"; };
		4C42AE93289AB512001589A7 /* PostList.swift */ = {isa = PBXFileReference; lastKnownFileType = sourcecode.swift; path = PostList.swift; sourceTree = "<group>"; };
		4C4ADC10289868540032EB73 /* User.swift */ = {isa = PBXFileReference; lastKnownFileType = sourcecode.swift; path = User.swift; sourceTree = "<group>"; };
		4C4ADC12289869130032EB73 /* Post.swift */ = {isa = PBXFileReference; lastKnownFileType = sourcecode.swift; path = Post.swift; sourceTree = "<group>"; };
		4C700E642896355400097CE4 /* Posterr.app */ = {isa = PBXFileReference; explicitFileType = wrapper.application; includeInIndex = 0; path = Posterr.app; sourceTree = BUILT_PRODUCTS_DIR; };
		4C700E672896355400097CE4 /* AppDelegate.swift */ = {isa = PBXFileReference; lastKnownFileType = sourcecode.swift; path = AppDelegate.swift; sourceTree = "<group>"; };
		4C700E692896355400097CE4 /* SceneDelegate.swift */ = {isa = PBXFileReference; lastKnownFileType = sourcecode.swift; path = SceneDelegate.swift; sourceTree = "<group>"; };
		4C700E6B2896355400097CE4 /* TabBarViewController.swift */ = {isa = PBXFileReference; lastKnownFileType = sourcecode.swift; path = TabBarViewController.swift; sourceTree = "<group>"; };
		4C700E702896355600097CE4 /* Assets.xcassets */ = {isa = PBXFileReference; lastKnownFileType = folder.assetcatalog; path = Assets.xcassets; sourceTree = "<group>"; };
		4C700E732896355600097CE4 /* Base */ = {isa = PBXFileReference; lastKnownFileType = file.storyboard; name = Base; path = Base.lproj/LaunchScreen.storyboard; sourceTree = "<group>"; };
		4C700E752896355600097CE4 /* Info.plist */ = {isa = PBXFileReference; lastKnownFileType = text.plist.xml; path = Info.plist; sourceTree = "<group>"; };
		4C700E7A2896355600097CE4 /* PosterrTests.xctest */ = {isa = PBXFileReference; explicitFileType = wrapper.cfbundle; includeInIndex = 0; path = PosterrTests.xctest; sourceTree = BUILT_PRODUCTS_DIR; };
		4C700E842896355600097CE4 /* PosterrUITests.xctest */ = {isa = PBXFileReference; explicitFileType = wrapper.cfbundle; includeInIndex = 0; path = PosterrUITests.xctest; sourceTree = BUILT_PRODUCTS_DIR; };
		4C700E882896355600097CE4 /* PosterrUITests.swift */ = {isa = PBXFileReference; lastKnownFileType = sourcecode.swift; path = PosterrUITests.swift; sourceTree = "<group>"; };
		4C700E8A2896355600097CE4 /* PosterrUITestsLaunchTests.swift */ = {isa = PBXFileReference; lastKnownFileType = sourcecode.swift; path = PosterrUITestsLaunchTests.swift; sourceTree = "<group>"; };
		4C700E9D28963CA000097CE4 /* HomeViewController.swift */ = {isa = PBXFileReference; lastKnownFileType = sourcecode.swift; path = HomeViewController.swift; sourceTree = "<group>"; };
		4C700E9F28963CB300097CE4 /* ProfileViewController.swift */ = {isa = PBXFileReference; lastKnownFileType = sourcecode.swift; path = ProfileViewController.swift; sourceTree = "<group>"; };
		4C7D20492898BE1B0021A594 /* NewPostModels.swift */ = {isa = PBXFileReference; lastKnownFileType = sourcecode.swift; path = NewPostModels.swift; sourceTree = "<group>"; };
		4C7D204C2898C9FA0021A594 /* HomeDataStore.swift */ = {isa = PBXFileReference; lastKnownFileType = sourcecode.swift; path = HomeDataStore.swift; sourceTree = "<group>"; };
		4C7D204E2898CA470021A594 /* HomeDataPassing.swift */ = {isa = PBXFileReference; lastKnownFileType = sourcecode.swift; path = HomeDataPassing.swift; sourceTree = "<group>"; };
		4C7D20512898CB240021A594 /* NewPostDataStore.swift */ = {isa = PBXFileReference; lastKnownFileType = sourcecode.swift; path = NewPostDataStore.swift; sourceTree = "<group>"; };
		4C7D20532898CB4D0021A594 /* NewPostDataPassing.swift */ = {isa = PBXFileReference; lastKnownFileType = sourcecode.swift; path = NewPostDataPassing.swift; sourceTree = "<group>"; };
		4C7D20562898D5B00021A594 /* UINavigationController+.swift */ = {isa = PBXFileReference; lastKnownFileType = sourcecode.swift; path = "UINavigationController+.swift"; sourceTree = "<group>"; };
		4CA66C872899DC37004559A1 /* HomeInteractorTests.swift */ = {isa = PBXFileReference; lastKnownFileType = sourcecode.swift; path = HomeInteractorTests.swift; sourceTree = "<group>"; };
		4CA66C892899DE0A004559A1 /* Fixtures.swift */ = {isa = PBXFileReference; lastKnownFileType = sourcecode.swift; path = Fixtures.swift; sourceTree = "<group>"; };
		4CA66C8D2899F05B004559A1 /* HomePresentersTest.swift */ = {isa = PBXFileReference; lastKnownFileType = sourcecode.swift; path = HomePresentersTest.swift; sourceTree = "<group>"; };
		4CA66C8F2899F0F0004559A1 /* HomeDisplayLogicSpy.swift */ = {isa = PBXFileReference; lastKnownFileType = sourcecode.swift; path = HomeDisplayLogicSpy.swift; sourceTree = "<group>"; };
		4CA66C982899F5A3004559A1 /* NewPostInteractorSpy.swift */ = {isa = PBXFileReference; lastKnownFileType = sourcecode.swift; path = NewPostInteractorSpy.swift; sourceTree = "<group>"; };
		4CA66C9A2899F658004559A1 /* NewPostPresenterSpy.swift */ = {isa = PBXFileReference; lastKnownFileType = sourcecode.swift; path = NewPostPresenterSpy.swift; sourceTree = "<group>"; };
		4CA66C9C2899F708004559A1 /* NewPostRouterSpy.swift */ = {isa = PBXFileReference; lastKnownFileType = sourcecode.swift; path = NewPostRouterSpy.swift; sourceTree = "<group>"; };
		4CA66C9E2899F756004559A1 /* NewPostDisplayLogicSpy.swift */ = {isa = PBXFileReference; lastKnownFileType = sourcecode.swift; path = NewPostDisplayLogicSpy.swift; sourceTree = "<group>"; };
		4CA66CA02899F829004559A1 /* NewPostViewControllerTests.swift */ = {isa = PBXFileReference; lastKnownFileType = sourcecode.swift; path = NewPostViewControllerTests.swift; sourceTree = "<group>"; };
		4CA66CA22899FAD2004559A1 /* NewPostInteractorTests.swift */ = {isa = PBXFileReference; lastKnownFileType = sourcecode.swift; path = NewPostInteractorTests.swift; sourceTree = "<group>"; };
		4CA66CA42899FEF4004559A1 /* NewPostPresenterTests.swift */ = {isa = PBXFileReference; lastKnownFileType = sourcecode.swift; path = NewPostPresenterTests.swift; sourceTree = "<group>"; };
		4CDFB1A728996EE400AF45B0 /* HomeViewControllerTests.swift */ = {isa = PBXFileReference; lastKnownFileType = sourcecode.swift; path = HomeViewControllerTests.swift; sourceTree = "<group>"; };
		4CDFB1AC28996F7500AF45B0 /* HomeInteractorSpy.swift */ = {isa = PBXFileReference; lastKnownFileType = sourcecode.swift; path = HomeInteractorSpy.swift; sourceTree = "<group>"; };
		4CDFB1AE2899701500AF45B0 /* HomePresenterSpy.swift */ = {isa = PBXFileReference; lastKnownFileType = sourcecode.swift; path = HomePresenterSpy.swift; sourceTree = "<group>"; };
		4CDFB1B12899710C00AF45B0 /* HomeRouterSpy.swift */ = {isa = PBXFileReference; lastKnownFileType = sourcecode.swift; path = HomeRouterSpy.swift; sourceTree = "<group>"; };
		4CDFB1BA289981C200AF45B0 /* HomeModels.swift */ = {isa = PBXFileReference; lastKnownFileType = sourcecode.swift; path = HomeModels.swift; sourceTree = "<group>"; };
		4CEE1EDC289722F30006B897 /* HomeDisplayLogic.swift */ = {isa = PBXFileReference; lastKnownFileType = sourcecode.swift; path = HomeDisplayLogic.swift; sourceTree = "<group>"; };
		4CEE1EDF289723750006B897 /* HomeInteractor.swift */ = {isa = PBXFileReference; lastKnownFileType = sourcecode.swift; path = HomeInteractor.swift; sourceTree = "<group>"; };
		4CEE1EE1289723830006B897 /* HomeInteractionLogic.swift */ = {isa = PBXFileReference; lastKnownFileType = sourcecode.swift; path = HomeInteractionLogic.swift; sourceTree = "<group>"; };
		4CEE1EE52897249C0006B897 /* HomeViewControllerFactory.swift */ = {isa = PBXFileReference; lastKnownFileType = sourcecode.swift; path = HomeViewControllerFactory.swift; sourceTree = "<group>"; };
		4CEE1EE72897261F0006B897 /* HomePresentationLogic.swift */ = {isa = PBXFileReference; lastKnownFileType = sourcecode.swift; path = HomePresentationLogic.swift; sourceTree = "<group>"; };
		4CEE1EE92897262D0006B897 /* HomePresenter.swift */ = {isa = PBXFileReference; lastKnownFileType = sourcecode.swift; path = HomePresenter.swift; sourceTree = "<group>"; };
		4CEE1EEB289737630006B897 /* ProfileDisplayLogic.swift */ = {isa = PBXFileReference; lastKnownFileType = sourcecode.swift; path = ProfileDisplayLogic.swift; sourceTree = "<group>"; };
		4CEE1EEF289737AC0006B897 /* ProfilePresentationLogic.swift */ = {isa = PBXFileReference; lastKnownFileType = sourcecode.swift; path = ProfilePresentationLogic.swift; sourceTree = "<group>"; };
		4CEE1EF628973A3D0006B897 /* ProfileInteractionLogic.swift */ = {isa = PBXFileReference; lastKnownFileType = sourcecode.swift; path = ProfileInteractionLogic.swift; sourceTree = "<group>"; };
		4CEE1EF828973A820006B897 /* ProfileInteractor.swift */ = {isa = PBXFileReference; lastKnownFileType = sourcecode.swift; path = ProfileInteractor.swift; sourceTree = "<group>"; };
		4CEE1EFA28973AA00006B897 /* ProfilePresenter.swift */ = {isa = PBXFileReference; lastKnownFileType = sourcecode.swift; path = ProfilePresenter.swift; sourceTree = "<group>"; };
		4CEE1EFD28973B050006B897 /* ProfileViewControllerFactory.swift */ = {isa = PBXFileReference; lastKnownFileType = sourcecode.swift; path = ProfileViewControllerFactory.swift; sourceTree = "<group>"; };
		4CEE1EFF289742520006B897 /* NewPostViewController.swift */ = {isa = PBXFileReference; lastKnownFileType = sourcecode.swift; path = NewPostViewController.swift; sourceTree = "<group>"; };
		4CEE1F082897653C0006B897 /* HomeRoutingLogic.swift */ = {isa = PBXFileReference; lastKnownFileType = sourcecode.swift; path = HomeRoutingLogic.swift; sourceTree = "<group>"; };
		4CEE1F0A2897656C0006B897 /* HomeRouter.swift */ = {isa = PBXFileReference; lastKnownFileType = sourcecode.swift; path = HomeRouter.swift; sourceTree = "<group>"; };
		4CEE1F0C289768D70006B897 /* NewPostDisplayLogic.swift */ = {isa = PBXFileReference; lastKnownFileType = sourcecode.swift; path = NewPostDisplayLogic.swift; sourceTree = "<group>"; };
		4CEE1F0F289771850006B897 /* NewPostPresentationLogic.swift */ = {isa = PBXFileReference; lastKnownFileType = sourcecode.swift; path = NewPostPresentationLogic.swift; sourceTree = "<group>"; };
		4CEE1F11289771A80006B897 /* NewPostPresenter.swift */ = {isa = PBXFileReference; lastKnownFileType = sourcecode.swift; path = NewPostPresenter.swift; sourceTree = "<group>"; };
		4CEE1F14289771CD0006B897 /* NewPostInteractionLogic.swift */ = {isa = PBXFileReference; lastKnownFileType = sourcecode.swift; path = NewPostInteractionLogic.swift; sourceTree = "<group>"; };
		4CEE1F16289771E00006B897 /* NewPostInteractor.swift */ = {isa = PBXFileReference; lastKnownFileType = sourcecode.swift; path = NewPostInteractor.swift; sourceTree = "<group>"; };
		4CEE1F19289772570006B897 /* NewPostRoutingLogic.swift */ = {isa = PBXFileReference; lastKnownFileType = sourcecode.swift; path = NewPostRoutingLogic.swift; sourceTree = "<group>"; };
		4CEE1F1B2897726B0006B897 /* NewPostRouter.swift */ = {isa = PBXFileReference; lastKnownFileType = sourcecode.swift; path = NewPostRouter.swift; sourceTree = "<group>"; };
		4CEE1F1E289772950006B897 /* NewPostViewControllerFactory.swift */ = {isa = PBXFileReference; lastKnownFileType = sourcecode.swift; path = NewPostViewControllerFactory.swift; sourceTree = "<group>"; };
/* End PBXFileReference section */

/* Begin PBXFrameworksBuildPhase section */
		4C700E612896355400097CE4 /* Frameworks */ = {
			isa = PBXFrameworksBuildPhase;
			buildActionMask = 2147483647;
			files = (
			);
			runOnlyForDeploymentPostprocessing = 0;
		};
		4C700E772896355600097CE4 /* Frameworks */ = {
			isa = PBXFrameworksBuildPhase;
			buildActionMask = 2147483647;
			files = (
			);
			runOnlyForDeploymentPostprocessing = 0;
		};
		4C700E812896355600097CE4 /* Frameworks */ = {
			isa = PBXFrameworksBuildPhase;
			buildActionMask = 2147483647;
			files = (
			);
			runOnlyForDeploymentPostprocessing = 0;
		};
/* End PBXFrameworksBuildPhase section */

/* Begin PBXGroup section */
		4C42AE73289AA30F001589A7 /* UI */ = {
			isa = PBXGroup;
			children = (
				4C42AE87289AA882001589A7 /* Misc */,
				4C42AE86289AA865001589A7 /* Post */,
				4C42AE80289AA7A4001589A7 /* ReusableView.swift */,
			);
			path = UI;
			sourceTree = "<group>";
		};
		4C42AE86289AA865001589A7 /* Post */ = {
			isa = PBXGroup;
			children = (
				4C42AE77289AA51B001589A7 /* PostTableViewAdapter.swift */,
				4C42AE79289AA6B8001589A7 /* PostTableViewCell.swift */,
				4C42AE93289AB512001589A7 /* PostList.swift */,
			);
			path = Post;
			sourceTree = "<group>";
		};
		4C42AE87289AA882001589A7 /* Misc */ = {
			isa = PBXGroup;
			children = (
				4C42AE75289AA435001589A7 /* TableViewAdapter.swift */,
				4C42AE88289AA886001589A7 /* ReusableView.swift */,
				4C42AE84289AA827001589A7 /* CodedViewLifecycle.swift */,
			);
			path = Misc;
			sourceTree = "<group>";
		};
		4C42AE90289AB389001589A7 /* Delegates */ = {
			isa = PBXGroup;
			children = (
				4C42AE91289AB396001589A7 /* DisplayLogicDelegate.swift */,
			);
			path = Delegates;
			sourceTree = "<group>";
		};
		4C4ADC0E2898681C0032EB73 /* Common */ = {
			isa = PBXGroup;
			children = (
				4C42AE90289AB389001589A7 /* Delegates */,
				4C42AE73289AA30F001589A7 /* UI */,
				4C7D20552898D5A30021A594 /* Extensions */,
				4C4ADC0F289868290032EB73 /* Models */,
			);
			path = Common;
			sourceTree = "<group>";
		};
		4C4ADC0F289868290032EB73 /* Models */ = {
			isa = PBXGroup;
			children = (
				4C4ADC10289868540032EB73 /* User.swift */,
				4C4ADC12289869130032EB73 /* Post.swift */,
			);
			path = Models;
			sourceTree = "<group>";
		};
		4C700E5B2896355400097CE4 = {
			isa = PBXGroup;
			children = (
				4C700E662896355400097CE4 /* Posterr */,
				4C700E7D2896355600097CE4 /* PosterrTests */,
				4C700E872896355600097CE4 /* PosterrUITests */,
				4C700E652896355400097CE4 /* Products */,
			);
			sourceTree = "<group>";
		};
		4C700E652896355400097CE4 /* Products */ = {
			isa = PBXGroup;
			children = (
				4C700E642896355400097CE4 /* Posterr.app */,
				4C700E7A2896355600097CE4 /* PosterrTests.xctest */,
				4C700E842896355600097CE4 /* PosterrUITests.xctest */,
			);
			name = Products;
			sourceTree = "<group>";
		};
		4C700E662896355400097CE4 /* Posterr */ = {
			isa = PBXGroup;
			children = (
				4C700E9728963C4400097CE4 /* App */,
				4C700E9828963C5200097CE4 /* Resources */,
				4C4ADC0E2898681C0032EB73 /* Common */,
				4C700E9A28963C7D00097CE4 /* Tabs */,
				4C700E9928963C5B00097CE4 /* Supporting-Files */,
			);
			path = Posterr;
			sourceTree = "<group>";
		};
		4C700E7D2896355600097CE4 /* PosterrTests */ = {
			isa = PBXGroup;
			children = (
				4CA66C8B2899DE5D004559A1 /* Misc */,
				4CDFB1AA28996F5500AF45B0 /* Doubles */,
				4CDFB1A928996F2D00AF45B0 /* Tests */,
			);
			path = PosterrTests;
			sourceTree = "<group>";
		};
		4C700E872896355600097CE4 /* PosterrUITests */ = {
			isa = PBXGroup;
			children = (
				4C700E882896355600097CE4 /* PosterrUITests.swift */,
				4C700E8A2896355600097CE4 /* PosterrUITestsLaunchTests.swift */,
			);
			path = PosterrUITests;
			sourceTree = "<group>";
		};
		4C700E9728963C4400097CE4 /* App */ = {
			isa = PBXGroup;
			children = (
				4C700E672896355400097CE4 /* AppDelegate.swift */,
				4C700E692896355400097CE4 /* SceneDelegate.swift */,
				4C700E6B2896355400097CE4 /* TabBarViewController.swift */,
			);
			path = App;
			sourceTree = "<group>";
		};
		4C700E9828963C5200097CE4 /* Resources */ = {
			isa = PBXGroup;
			children = (
				4C700E702896355600097CE4 /* Assets.xcassets */,
				4C700E722896355600097CE4 /* LaunchScreen.storyboard */,
			);
			path = Resources;
			sourceTree = "<group>";
		};
		4C700E9928963C5B00097CE4 /* Supporting-Files */ = {
			isa = PBXGroup;
			children = (
				4C700E752896355600097CE4 /* Info.plist */,
			);
			path = "Supporting-Files";
			sourceTree = "<group>";
		};
		4C700E9A28963C7D00097CE4 /* Tabs */ = {
			isa = PBXGroup;
			children = (
				4C700E9B28963C8600097CE4 /* Home */,
				4C700E9C28963C8C00097CE4 /* Profile */,
			);
			path = Tabs;
			sourceTree = "<group>";
		};
		4C700E9B28963C8600097CE4 /* Home */ = {
			isa = PBXGroup;
			children = (
				4CEE1F01289763860006B897 /* Scenes */,
			);
			path = Home;
			sourceTree = "<group>";
		};
		4C700E9C28963C8C00097CE4 /* Profile */ = {
			isa = PBXGroup;
			children = (
				4CEE1EFC28973AFA0006B897 /* Utils */,
				4CEE1EED289737890006B897 /* Views */,
				4CEE1EF528973A2E0006B897 /* Interactors */,
				4CEE1EEE289737920006B897 /* Presenters */,
			);
			path = Profile;
			sourceTree = "<group>";
		};
		4C7D20482898BE100021A594 /* Models */ = {
			isa = PBXGroup;
			children = (
				4C7D20492898BE1B0021A594 /* NewPostModels.swift */,
			);
			path = Models;
			sourceTree = "<group>";
		};
		4C7D204B2898C98D0021A594 /* Data */ = {
			isa = PBXGroup;
			children = (
				4C7D204C2898C9FA0021A594 /* HomeDataStore.swift */,
				4C7D204E2898CA470021A594 /* HomeDataPassing.swift */,
			);
			path = Data;
			sourceTree = "<group>";
		};
		4C7D20502898CB190021A594 /* Data */ = {
			isa = PBXGroup;
			children = (
				4C7D20512898CB240021A594 /* NewPostDataStore.swift */,
				4C7D20532898CB4D0021A594 /* NewPostDataPassing.swift */,
			);
			path = Data;
			sourceTree = "<group>";
		};
		4C7D20552898D5A30021A594 /* Extensions */ = {
			isa = PBXGroup;
			children = (
				4C7D20562898D5B00021A594 /* UINavigationController+.swift */,
				4C42AE7B289AA727001589A7 /* UITableView+.swift */,
			);
			path = Extensions;
			sourceTree = "<group>";
		};
		4CA66C862899DC0C004559A1 /* Interactors */ = {
			isa = PBXGroup;
			children = (
				4CA66C872899DC37004559A1 /* HomeInteractorTests.swift */,
			);
			path = Interactors;
			sourceTree = "<group>";
		};
		4CA66C8B2899DE5D004559A1 /* Misc */ = {
			isa = PBXGroup;
			children = (
				4CA66C892899DE0A004559A1 /* Fixtures.swift */,
			);
			path = Misc;
			sourceTree = "<group>";
		};
		4CA66C8C2899F040004559A1 /* Presenters */ = {
			isa = PBXGroup;
			children = (
				4CA66C8D2899F05B004559A1 /* HomePresentersTest.swift */,
			);
			path = Presenters;
			sourceTree = "<group>";
		};
		4CA66C942899F562004559A1 /* NewPost */ = {
			isa = PBXGroup;
			children = (
				4CA66C972899F577004559A1 /* Views */,
				4CA66C962899F572004559A1 /* Interactors */,
				4CA66C952899F56D004559A1 /* Presenters */,
			);
			path = NewPost;
			sourceTree = "<group>";
		};
		4CA66C952899F56D004559A1 /* Presenters */ = {
			isa = PBXGroup;
			children = (
				4CA66CA42899FEF4004559A1 /* NewPostPresenterTests.swift */,
			);
			path = Presenters;
			sourceTree = "<group>";
		};
		4CA66C962899F572004559A1 /* Interactors */ = {
			isa = PBXGroup;
			children = (
				4CA66CA22899FAD2004559A1 /* NewPostInteractorTests.swift */,
			);
			path = Interactors;
			sourceTree = "<group>";
		};
		4CA66C972899F577004559A1 /* Views */ = {
			isa = PBXGroup;
			children = (
				4CA66CA02899F829004559A1 /* NewPostViewControllerTests.swift */,
			);
			path = Views;
			sourceTree = "<group>";
		};
		4CDFB1A028996DDE00AF45B0 /* Tabs */ = {
			isa = PBXGroup;
			children = (
				4CDFB1A128996DE400AF45B0 /* Home */,
			);
			path = Tabs;
			sourceTree = "<group>";
		};
		4CDFB1A128996DE400AF45B0 /* Home */ = {
			isa = PBXGroup;
			children = (
				4CDFB1A328996DF400AF45B0 /* Scenes */,
			);
			path = Home;
			sourceTree = "<group>";
		};
		4CDFB1A328996DF400AF45B0 /* Scenes */ = {
			isa = PBXGroup;
			children = (
				4CA66C942899F562004559A1 /* NewPost */,
				4CDFB1A428996DFE00AF45B0 /* Main */,
			);
			path = Scenes;
			sourceTree = "<group>";
		};
		4CDFB1A428996DFE00AF45B0 /* Main */ = {
			isa = PBXGroup;
			children = (
				4CDFB1A528996E0300AF45B0 /* Views */,
				4CA66C8C2899F040004559A1 /* Presenters */,
				4CA66C862899DC0C004559A1 /* Interactors */,
			);
			path = Main;
			sourceTree = "<group>";
		};
		4CDFB1A528996E0300AF45B0 /* Views */ = {
			isa = PBXGroup;
			children = (
				4CDFB1A728996EE400AF45B0 /* HomeViewControllerTests.swift */,
			);
			path = Views;
			sourceTree = "<group>";
		};
		4CDFB1A928996F2D00AF45B0 /* Tests */ = {
			isa = PBXGroup;
			children = (
				4CDFB1A028996DDE00AF45B0 /* Tabs */,
			);
			path = Tests;
			sourceTree = "<group>";
		};
		4CDFB1AA28996F5500AF45B0 /* Doubles */ = {
			isa = PBXGroup;
			children = (
				4CDFB1AB28996F5900AF45B0 /* Spies */,
			);
			path = Doubles;
			sourceTree = "<group>";
		};
		4CDFB1AB28996F5900AF45B0 /* Spies */ = {
			isa = PBXGroup;
			children = (
				4CDFB1AC28996F7500AF45B0 /* HomeInteractorSpy.swift */,
				4CDFB1AE2899701500AF45B0 /* HomePresenterSpy.swift */,
				4CDFB1B12899710C00AF45B0 /* HomeRouterSpy.swift */,
				4CA66C8F2899F0F0004559A1 /* HomeDisplayLogicSpy.swift */,
				4CA66C982899F5A3004559A1 /* NewPostInteractorSpy.swift */,
				4CA66C9A2899F658004559A1 /* NewPostPresenterSpy.swift */,
				4CA66C9C2899F708004559A1 /* NewPostRouterSpy.swift */,
				4CA66C9E2899F756004559A1 /* NewPostDisplayLogicSpy.swift */,
			);
			path = Spies;
			sourceTree = "<group>";
		};
		4CDFB1B9289981B600AF45B0 /* Models */ = {
			isa = PBXGroup;
			children = (
				4CDFB1BA289981C200AF45B0 /* HomeModels.swift */,
			);
			path = Models;
			sourceTree = "<group>";
		};
		4CEE1EDB289722C50006B897 /* Views */ = {
			isa = PBXGroup;
			children = (
				4CEE1EDC289722F30006B897 /* HomeDisplayLogic.swift */,
				4C700E9D28963CA000097CE4 /* HomeViewController.swift */,
			);
			path = Views;
			sourceTree = "<group>";
		};
		4CEE1EDE289723270006B897 /* Interactors */ = {
			isa = PBXGroup;
			children = (
				4CEE1EE1289723830006B897 /* HomeInteractionLogic.swift */,
				4CEE1EDF289723750006B897 /* HomeInteractor.swift */,
			);
			path = Interactors;
			sourceTree = "<group>";
		};
		4CEE1EE3289724760006B897 /* Presenters */ = {
			isa = PBXGroup;
			children = (
				4CEE1EE72897261F0006B897 /* HomePresentationLogic.swift */,
				4CEE1EE92897262D0006B897 /* HomePresenter.swift */,
			);
			path = Presenters;
			sourceTree = "<group>";
		};
		4CEE1EE42897248D0006B897 /* Utils */ = {
			isa = PBXGroup;
			children = (
				4CEE1EE52897249C0006B897 /* HomeViewControllerFactory.swift */,
			);
			path = Utils;
			sourceTree = "<group>";
		};
		4CEE1EED289737890006B897 /* Views */ = {
			isa = PBXGroup;
			children = (
				4CEE1EEB289737630006B897 /* ProfileDisplayLogic.swift */,
				4C700E9F28963CB300097CE4 /* ProfileViewController.swift */,
			);
			path = Views;
			sourceTree = "<group>";
		};
		4CEE1EEE289737920006B897 /* Presenters */ = {
			isa = PBXGroup;
			children = (
				4CEE1EEF289737AC0006B897 /* ProfilePresentationLogic.swift */,
				4CEE1EFA28973AA00006B897 /* ProfilePresenter.swift */,
			);
			path = Presenters;
			sourceTree = "<group>";
		};
		4CEE1EF528973A2E0006B897 /* Interactors */ = {
			isa = PBXGroup;
			children = (
				4CEE1EF628973A3D0006B897 /* ProfileInteractionLogic.swift */,
				4CEE1EF828973A820006B897 /* ProfileInteractor.swift */,
			);
			path = Interactors;
			sourceTree = "<group>";
		};
		4CEE1EFC28973AFA0006B897 /* Utils */ = {
			isa = PBXGroup;
			children = (
				4CEE1EFD28973B050006B897 /* ProfileViewControllerFactory.swift */,
			);
			path = Utils;
			sourceTree = "<group>";
		};
		4CEE1F01289763860006B897 /* Scenes */ = {
			isa = PBXGroup;
			children = (
				4CEE1F02289763940006B897 /* Main */,
				4CEE1F03289764130006B897 /* NewPost */,
			);
			path = Scenes;
			sourceTree = "<group>";
		};
		4CEE1F02289763940006B897 /* Main */ = {
			isa = PBXGroup;
			children = (
				4CDFB1B9289981B600AF45B0 /* Models */,
				4C7D204B2898C98D0021A594 /* Data */,
				4CEE1EE42897248D0006B897 /* Utils */,
				4CEE1EDB289722C50006B897 /* Views */,
				4CEE1EDE289723270006B897 /* Interactors */,
				4CEE1EE3289724760006B897 /* Presenters */,
				4CEE1F072897651C0006B897 /* Routers */,
			);
			path = Main;
			sourceTree = "<group>";
		};
		4CEE1F03289764130006B897 /* NewPost */ = {
			isa = PBXGroup;
			children = (
				4C7D20502898CB190021A594 /* Data */,
				4C7D20482898BE100021A594 /* Models */,
				4CEE1F1D289772890006B897 /* Utils */,
				4CEE1F042897642F0006B897 /* Views */,
				4CEE1F13289771C10006B897 /* Interactors */,
				4CEE1F0E289771790006B897 /* Presenters */,
				4CEE1F18289772370006B897 /* Routers */,
			);
			path = NewPost;
			sourceTree = "<group>";
		};
		4CEE1F042897642F0006B897 /* Views */ = {
			isa = PBXGroup;
			children = (
				4CEE1F0C289768D70006B897 /* NewPostDisplayLogic.swift */,
				4CEE1EFF289742520006B897 /* NewPostViewController.swift */,
			);
			path = Views;
			sourceTree = "<group>";
		};
		4CEE1F072897651C0006B897 /* Routers */ = {
			isa = PBXGroup;
			children = (
				4CEE1F082897653C0006B897 /* HomeRoutingLogic.swift */,
				4CEE1F0A2897656C0006B897 /* HomeRouter.swift */,
			);
			path = Routers;
			sourceTree = "<group>";
		};
		4CEE1F0E289771790006B897 /* Presenters */ = {
			isa = PBXGroup;
			children = (
				4CEE1F0F289771850006B897 /* NewPostPresentationLogic.swift */,
				4CEE1F11289771A80006B897 /* NewPostPresenter.swift */,
			);
			path = Presenters;
			sourceTree = "<group>";
		};
		4CEE1F13289771C10006B897 /* Interactors */ = {
			isa = PBXGroup;
			children = (
				4CEE1F14289771CD0006B897 /* NewPostInteractionLogic.swift */,
				4CEE1F16289771E00006B897 /* NewPostInteractor.swift */,
			);
			path = Interactors;
			sourceTree = "<group>";
		};
		4CEE1F18289772370006B897 /* Routers */ = {
			isa = PBXGroup;
			children = (
				4CEE1F19289772570006B897 /* NewPostRoutingLogic.swift */,
				4CEE1F1B2897726B0006B897 /* NewPostRouter.swift */,
			);
			path = Routers;
			sourceTree = "<group>";
		};
		4CEE1F1D289772890006B897 /* Utils */ = {
			isa = PBXGroup;
			children = (
				4CEE1F1E289772950006B897 /* NewPostViewControllerFactory.swift */,
			);
			path = Utils;
			sourceTree = "<group>";
		};
/* End PBXGroup section */

/* Begin PBXNativeTarget section */
		4C700E632896355400097CE4 /* Posterr */ = {
			isa = PBXNativeTarget;
			buildConfigurationList = 4C700E8E2896355600097CE4 /* Build configuration list for PBXNativeTarget "Posterr" */;
			buildPhases = (
				4C700E602896355400097CE4 /* Sources */,
				4C700E612896355400097CE4 /* Frameworks */,
				4C700E622896355400097CE4 /* Resources */,
			);
			buildRules = (
			);
			dependencies = (
			);
			name = Posterr;
			productName = Posterr;
			productReference = 4C700E642896355400097CE4 /* Posterr.app */;
			productType = "com.apple.product-type.application";
		};
		4C700E792896355600097CE4 /* PosterrTests */ = {
			isa = PBXNativeTarget;
			buildConfigurationList = 4C700E912896355600097CE4 /* Build configuration list for PBXNativeTarget "PosterrTests" */;
			buildPhases = (
				4C700E762896355600097CE4 /* Sources */,
				4C700E772896355600097CE4 /* Frameworks */,
				4C700E782896355600097CE4 /* Resources */,
			);
			buildRules = (
			);
			dependencies = (
				4C700E7C2896355600097CE4 /* PBXTargetDependency */,
			);
			name = PosterrTests;
			productName = PosterrTests;
			productReference = 4C700E7A2896355600097CE4 /* PosterrTests.xctest */;
			productType = "com.apple.product-type.bundle.unit-test";
		};
		4C700E832896355600097CE4 /* PosterrUITests */ = {
			isa = PBXNativeTarget;
			buildConfigurationList = 4C700E942896355600097CE4 /* Build configuration list for PBXNativeTarget "PosterrUITests" */;
			buildPhases = (
				4C700E802896355600097CE4 /* Sources */,
				4C700E812896355600097CE4 /* Frameworks */,
				4C700E822896355600097CE4 /* Resources */,
			);
			buildRules = (
			);
			dependencies = (
				4C700E862896355600097CE4 /* PBXTargetDependency */,
			);
			name = PosterrUITests;
			productName = PosterrUITests;
			productReference = 4C700E842896355600097CE4 /* PosterrUITests.xctest */;
			productType = "com.apple.product-type.bundle.ui-testing";
		};
/* End PBXNativeTarget section */

/* Begin PBXProject section */
		4C700E5C2896355400097CE4 /* Project object */ = {
			isa = PBXProject;
			attributes = {
				BuildIndependentTargetsInParallel = 1;
				LastSwiftUpdateCheck = 1340;
				LastUpgradeCheck = 1340;
				TargetAttributes = {
					4C700E632896355400097CE4 = {
						CreatedOnToolsVersion = 13.4;
					};
					4C700E792896355600097CE4 = {
						CreatedOnToolsVersion = 13.4;
						LastSwiftMigration = 1340;
						TestTargetID = 4C700E632896355400097CE4;
					};
					4C700E832896355600097CE4 = {
						CreatedOnToolsVersion = 13.4;
						TestTargetID = 4C700E632896355400097CE4;
					};
				};
			};
			buildConfigurationList = 4C700E5F2896355400097CE4 /* Build configuration list for PBXProject "Posterr" */;
			compatibilityVersion = "Xcode 13.0";
			developmentRegion = en;
			hasScannedForEncodings = 0;
			knownRegions = (
				en,
				Base,
			);
			mainGroup = 4C700E5B2896355400097CE4;
			productRefGroup = 4C700E652896355400097CE4 /* Products */;
			projectDirPath = "";
			projectRoot = "";
			targets = (
				4C700E632896355400097CE4 /* Posterr */,
				4C700E792896355600097CE4 /* PosterrTests */,
				4C700E832896355600097CE4 /* PosterrUITests */,
			);
		};
/* End PBXProject section */

/* Begin PBXResourcesBuildPhase section */
		4C700E622896355400097CE4 /* Resources */ = {
			isa = PBXResourcesBuildPhase;
			buildActionMask = 2147483647;
			files = (
				4C700E742896355600097CE4 /* LaunchScreen.storyboard in Resources */,
				4C700E712896355600097CE4 /* Assets.xcassets in Resources */,
			);
			runOnlyForDeploymentPostprocessing = 0;
		};
		4C700E782896355600097CE4 /* Resources */ = {
			isa = PBXResourcesBuildPhase;
			buildActionMask = 2147483647;
			files = (
			);
			runOnlyForDeploymentPostprocessing = 0;
		};
		4C700E822896355600097CE4 /* Resources */ = {
			isa = PBXResourcesBuildPhase;
			buildActionMask = 2147483647;
			files = (
			);
			runOnlyForDeploymentPostprocessing = 0;
		};
/* End PBXResourcesBuildPhase section */

/* Begin PBXSourcesBuildPhase section */
		4C700E602896355400097CE4 /* Sources */ = {
			isa = PBXSourcesBuildPhase;
			buildActionMask = 2147483647;
			files = (
				4CEE1F17289771E00006B897 /* NewPostInteractor.swift in Sources */,
				4C7D204F2898CA470021A594 /* HomeDataPassing.swift in Sources */,
				4C7D20542898CB4D0021A594 /* NewPostDataPassing.swift in Sources */,
				4C42AE76289AA435001589A7 /* TableViewAdapter.swift in Sources */,
				4CEE1EE2289723830006B897 /* HomeInteractionLogic.swift in Sources */,
				4C42AE85289AA827001589A7 /* CodedViewLifecycle.swift in Sources */,
				4C700E6C2896355400097CE4 /* TabBarViewController.swift in Sources */,
				4CEE1F092897653C0006B897 /* HomeRoutingLogic.swift in Sources */,
				4C700E682896355400097CE4 /* AppDelegate.swift in Sources */,
				4CEE1EFE28973B050006B897 /* ProfileViewControllerFactory.swift in Sources */,
				4CEE1F1C2897726B0006B897 /* NewPostRouter.swift in Sources */,
				4CEE1F10289771850006B897 /* NewPostPresentationLogic.swift in Sources */,
				4C42AE7C289AA727001589A7 /* UITableView+.swift in Sources */,
				4C4ADC11289868540032EB73 /* User.swift in Sources */,
				4C4ADC13289869130032EB73 /* Post.swift in Sources */,
				4CEE1F15289771CD0006B897 /* NewPostInteractionLogic.swift in Sources */,
				4CEE1EDD289722F30006B897 /* HomeDisplayLogic.swift in Sources */,
				4CEE1F00289742520006B897 /* NewPostViewController.swift in Sources */,
				4C7D20522898CB240021A594 /* NewPostDataStore.swift in Sources */,
				4C700EA028963CB300097CE4 /* ProfileViewController.swift in Sources */,
				4CEE1F1F289772950006B897 /* NewPostViewControllerFactory.swift in Sources */,
				4CEE1EF0289737AC0006B897 /* ProfilePresentationLogic.swift in Sources */,
				4CEE1F0B2897656C0006B897 /* HomeRouter.swift in Sources */,
				4C42AE94289AB512001589A7 /* PostList.swift in Sources */,
				4C700E6A2896355400097CE4 /* SceneDelegate.swift in Sources */,
				4CEE1F0D289768D70006B897 /* NewPostDisplayLogic.swift in Sources */,
				4CEE1EF928973A820006B897 /* ProfileInteractor.swift in Sources */,
				4CEE1EF728973A3D0006B897 /* ProfileInteractionLogic.swift in Sources */,
				4C700E9E28963CA000097CE4 /* HomeViewController.swift in Sources */,
				4C42AE78289AA51B001589A7 /* PostTableViewAdapter.swift in Sources */,
				4C42AE7A289AA6B8001589A7 /* PostTableViewCell.swift in Sources */,
				4CEE1EFB28973AA00006B897 /* ProfilePresenter.swift in Sources */,
				4CEE1EE0289723750006B897 /* HomeInteractor.swift in Sources */,
				4C42AE92289AB396001589A7 /* DisplayLogicDelegate.swift in Sources */,
				4CEE1EE82897261F0006B897 /* HomePresentationLogic.swift in Sources */,
				4CEE1EEC289737630006B897 /* ProfileDisplayLogic.swift in Sources */,
				4C42AE81289AA7A4001589A7 /* ReusableView.swift in Sources */,
				4C7D20572898D5B00021A594 /* UINavigationController+.swift in Sources */,
				4C7D204A2898BE1B0021A594 /* NewPostModels.swift in Sources */,
				4CEE1F12289771A80006B897 /* NewPostPresenter.swift in Sources */,
				4CEE1EE62897249C0006B897 /* HomeViewControllerFactory.swift in Sources */,
				4CEE1F1A289772570006B897 /* NewPostRoutingLogic.swift in Sources */,
				4C7D204D2898C9FA0021A594 /* HomeDataStore.swift in Sources */,
				4CEE1EEA2897262D0006B897 /* HomePresenter.swift in Sources */,
				4CDFB1BB289981C200AF45B0 /* HomeModels.swift in Sources */,
			);
			runOnlyForDeploymentPostprocessing = 0;
		};
		4C700E762896355600097CE4 /* Sources */ = {
			isa = PBXSourcesBuildPhase;
			buildActionMask = 2147483647;
			files = (
				4CA66C8E2899F05B004559A1 /* HomePresentersTest.swift in Sources */,
				4CDFB1B22899710C00AF45B0 /* HomeRouterSpy.swift in Sources */,
				4CA66C902899F0F0004559A1 /* HomeDisplayLogicSpy.swift in Sources */,
				4CA66C882899DC37004559A1 /* HomeInteractorTests.swift in Sources */,
				4CA66C9B2899F658004559A1 /* NewPostPresenterSpy.swift in Sources */,
				4CA66CA32899FAD2004559A1 /* NewPostInteractorTests.swift in Sources */,
				4CDFB1AD28996F7500AF45B0 /* HomeInteractorSpy.swift in Sources */,
				4CA66C992899F5A3004559A1 /* NewPostInteractorSpy.swift in Sources */,
				4CA66CA52899FEF4004559A1 /* NewPostPresenterTests.swift in Sources */,
				4CA66CA12899F829004559A1 /* NewPostViewControllerTests.swift in Sources */,
				4CDFB1A828996EE400AF45B0 /* HomeViewControllerTests.swift in Sources */,
				4CDFB1AF2899701500AF45B0 /* HomePresenterSpy.swift in Sources */,
				4CA66C9D2899F708004559A1 /* NewPostRouterSpy.swift in Sources */,
				4CA66C8A2899DE0A004559A1 /* Fixtures.swift in Sources */,
				4CA66C9F2899F756004559A1 /* NewPostDisplayLogicSpy.swift in Sources */,
			);
			runOnlyForDeploymentPostprocessing = 0;
		};
		4C700E802896355600097CE4 /* Sources */ = {
			isa = PBXSourcesBuildPhase;
			buildActionMask = 2147483647;
			files = (
				4C700E8B2896355600097CE4 /* PosterrUITestsLaunchTests.swift in Sources */,
				4C700E892896355600097CE4 /* PosterrUITests.swift in Sources */,
			);
			runOnlyForDeploymentPostprocessing = 0;
		};
/* End PBXSourcesBuildPhase section */

/* Begin PBXTargetDependency section */
		4C700E7C2896355600097CE4 /* PBXTargetDependency */ = {
			isa = PBXTargetDependency;
			target = 4C700E632896355400097CE4 /* Posterr */;
			targetProxy = 4C700E7B2896355600097CE4 /* PBXContainerItemProxy */;
		};
		4C700E862896355600097CE4 /* PBXTargetDependency */ = {
			isa = PBXTargetDependency;
			target = 4C700E632896355400097CE4 /* Posterr */;
			targetProxy = 4C700E852896355600097CE4 /* PBXContainerItemProxy */;
		};
/* End PBXTargetDependency section */

/* Begin PBXVariantGroup section */
		4C700E722896355600097CE4 /* LaunchScreen.storyboard */ = {
			isa = PBXVariantGroup;
			children = (
				4C700E732896355600097CE4 /* Base */,
			);
			name = LaunchScreen.storyboard;
			sourceTree = "<group>";
		};
/* End PBXVariantGroup section */

/* Begin XCBuildConfiguration section */
		4C700E8C2896355600097CE4 /* Debug */ = {
			isa = XCBuildConfiguration;
			buildSettings = {
				ALWAYS_SEARCH_USER_PATHS = NO;
				CLANG_ANALYZER_NONNULL = YES;
				CLANG_ANALYZER_NUMBER_OBJECT_CONVERSION = YES_AGGRESSIVE;
				CLANG_CXX_LANGUAGE_STANDARD = "gnu++17";
				CLANG_ENABLE_MODULES = YES;
				CLANG_ENABLE_OBJC_ARC = YES;
				CLANG_ENABLE_OBJC_WEAK = YES;
				CLANG_WARN_BLOCK_CAPTURE_AUTORELEASING = YES;
				CLANG_WARN_BOOL_CONVERSION = YES;
				CLANG_WARN_COMMA = YES;
				CLANG_WARN_CONSTANT_CONVERSION = YES;
				CLANG_WARN_DEPRECATED_OBJC_IMPLEMENTATIONS = YES;
				CLANG_WARN_DIRECT_OBJC_ISA_USAGE = YES_ERROR;
				CLANG_WARN_DOCUMENTATION_COMMENTS = YES;
				CLANG_WARN_EMPTY_BODY = YES;
				CLANG_WARN_ENUM_CONVERSION = YES;
				CLANG_WARN_INFINITE_RECURSION = YES;
				CLANG_WARN_INT_CONVERSION = YES;
				CLANG_WARN_NON_LITERAL_NULL_CONVERSION = YES;
				CLANG_WARN_OBJC_IMPLICIT_RETAIN_SELF = YES;
				CLANG_WARN_OBJC_LITERAL_CONVERSION = YES;
				CLANG_WARN_OBJC_ROOT_CLASS = YES_ERROR;
				CLANG_WARN_QUOTED_INCLUDE_IN_FRAMEWORK_HEADER = YES;
				CLANG_WARN_RANGE_LOOP_ANALYSIS = YES;
				CLANG_WARN_STRICT_PROTOTYPES = YES;
				CLANG_WARN_SUSPICIOUS_MOVE = YES;
				CLANG_WARN_UNGUARDED_AVAILABILITY = YES_AGGRESSIVE;
				CLANG_WARN_UNREACHABLE_CODE = YES;
				CLANG_WARN__DUPLICATE_METHOD_MATCH = YES;
				COPY_PHASE_STRIP = NO;
				DEBUG_INFORMATION_FORMAT = dwarf;
				ENABLE_STRICT_OBJC_MSGSEND = YES;
				ENABLE_TESTABILITY = YES;
				GCC_C_LANGUAGE_STANDARD = gnu11;
				GCC_DYNAMIC_NO_PIC = NO;
				GCC_NO_COMMON_BLOCKS = YES;
				GCC_OPTIMIZATION_LEVEL = 0;
				GCC_PREPROCESSOR_DEFINITIONS = (
					"DEBUG=1",
					"$(inherited)",
				);
				GCC_WARN_64_TO_32_BIT_CONVERSION = YES;
				GCC_WARN_ABOUT_RETURN_TYPE = YES_ERROR;
				GCC_WARN_UNDECLARED_SELECTOR = YES;
				GCC_WARN_UNINITIALIZED_AUTOS = YES_AGGRESSIVE;
				GCC_WARN_UNUSED_FUNCTION = YES;
				GCC_WARN_UNUSED_VARIABLE = YES;
				IPHONEOS_DEPLOYMENT_TARGET = 15.5;
				MTL_ENABLE_DEBUG_INFO = INCLUDE_SOURCE;
				MTL_FAST_MATH = YES;
				ONLY_ACTIVE_ARCH = YES;
				SDKROOT = iphoneos;
				SWIFT_ACTIVE_COMPILATION_CONDITIONS = DEBUG;
				SWIFT_OPTIMIZATION_LEVEL = "-Onone";
			};
			name = Debug;
		};
		4C700E8D2896355600097CE4 /* Release */ = {
			isa = XCBuildConfiguration;
			buildSettings = {
				ALWAYS_SEARCH_USER_PATHS = NO;
				CLANG_ANALYZER_NONNULL = YES;
				CLANG_ANALYZER_NUMBER_OBJECT_CONVERSION = YES_AGGRESSIVE;
				CLANG_CXX_LANGUAGE_STANDARD = "gnu++17";
				CLANG_ENABLE_MODULES = YES;
				CLANG_ENABLE_OBJC_ARC = YES;
				CLANG_ENABLE_OBJC_WEAK = YES;
				CLANG_WARN_BLOCK_CAPTURE_AUTORELEASING = YES;
				CLANG_WARN_BOOL_CONVERSION = YES;
				CLANG_WARN_COMMA = YES;
				CLANG_WARN_CONSTANT_CONVERSION = YES;
				CLANG_WARN_DEPRECATED_OBJC_IMPLEMENTATIONS = YES;
				CLANG_WARN_DIRECT_OBJC_ISA_USAGE = YES_ERROR;
				CLANG_WARN_DOCUMENTATION_COMMENTS = YES;
				CLANG_WARN_EMPTY_BODY = YES;
				CLANG_WARN_ENUM_CONVERSION = YES;
				CLANG_WARN_INFINITE_RECURSION = YES;
				CLANG_WARN_INT_CONVERSION = YES;
				CLANG_WARN_NON_LITERAL_NULL_CONVERSION = YES;
				CLANG_WARN_OBJC_IMPLICIT_RETAIN_SELF = YES;
				CLANG_WARN_OBJC_LITERAL_CONVERSION = YES;
				CLANG_WARN_OBJC_ROOT_CLASS = YES_ERROR;
				CLANG_WARN_QUOTED_INCLUDE_IN_FRAMEWORK_HEADER = YES;
				CLANG_WARN_RANGE_LOOP_ANALYSIS = YES;
				CLANG_WARN_STRICT_PROTOTYPES = YES;
				CLANG_WARN_SUSPICIOUS_MOVE = YES;
				CLANG_WARN_UNGUARDED_AVAILABILITY = YES_AGGRESSIVE;
				CLANG_WARN_UNREACHABLE_CODE = YES;
				CLANG_WARN__DUPLICATE_METHOD_MATCH = YES;
				COPY_PHASE_STRIP = NO;
				DEBUG_INFORMATION_FORMAT = "dwarf-with-dsym";
				ENABLE_NS_ASSERTIONS = NO;
				ENABLE_STRICT_OBJC_MSGSEND = YES;
				GCC_C_LANGUAGE_STANDARD = gnu11;
				GCC_NO_COMMON_BLOCKS = YES;
				GCC_WARN_64_TO_32_BIT_CONVERSION = YES;
				GCC_WARN_ABOUT_RETURN_TYPE = YES_ERROR;
				GCC_WARN_UNDECLARED_SELECTOR = YES;
				GCC_WARN_UNINITIALIZED_AUTOS = YES_AGGRESSIVE;
				GCC_WARN_UNUSED_FUNCTION = YES;
				GCC_WARN_UNUSED_VARIABLE = YES;
				IPHONEOS_DEPLOYMENT_TARGET = 15.5;
				MTL_ENABLE_DEBUG_INFO = NO;
				MTL_FAST_MATH = YES;
				SDKROOT = iphoneos;
				SWIFT_COMPILATION_MODE = wholemodule;
				SWIFT_OPTIMIZATION_LEVEL = "-O";
				VALIDATE_PRODUCT = YES;
			};
			name = Release;
		};
		4C700E8F2896355600097CE4 /* Debug */ = {
			isa = XCBuildConfiguration;
			buildSettings = {
				ASSETCATALOG_COMPILER_APPICON_NAME = AppIcon;
				ASSETCATALOG_COMPILER_GLOBAL_ACCENT_COLOR_NAME = AccentColor;
				CODE_SIGN_STYLE = Automatic;
				CURRENT_PROJECT_VERSION = 1;
				DEVELOPMENT_TEAM = H7BM7N56V5;
				GENERATE_INFOPLIST_FILE = YES;
				INFOPLIST_FILE = "Posterr/Supporting-Files/Info.plist";
				INFOPLIST_KEY_UIApplicationSupportsIndirectInputEvents = YES;
				INFOPLIST_KEY_UILaunchStoryboardName = LaunchScreen;
				INFOPLIST_KEY_UISupportedInterfaceOrientations_iPad = "UIInterfaceOrientationPortrait UIInterfaceOrientationPortraitUpsideDown UIInterfaceOrientationLandscapeLeft UIInterfaceOrientationLandscapeRight";
				INFOPLIST_KEY_UISupportedInterfaceOrientations_iPhone = "UIInterfaceOrientationPortrait UIInterfaceOrientationLandscapeLeft UIInterfaceOrientationLandscapeRight";
				LD_RUNPATH_SEARCH_PATHS = (
					"$(inherited)",
					"@executable_path/Frameworks",
				);
				MARKETING_VERSION = 1.0;
				PRODUCT_BUNDLE_IDENTIFIER = com.vcoutasso.Posterr;
				PRODUCT_NAME = "$(TARGET_NAME)";
				SWIFT_EMIT_LOC_STRINGS = YES;
				SWIFT_VERSION = 5.0;
				TARGETED_DEVICE_FAMILY = "1,2";
			};
			name = Debug;
		};
		4C700E902896355600097CE4 /* Release */ = {
			isa = XCBuildConfiguration;
			buildSettings = {
				ASSETCATALOG_COMPILER_APPICON_NAME = AppIcon;
				ASSETCATALOG_COMPILER_GLOBAL_ACCENT_COLOR_NAME = AccentColor;
				CODE_SIGN_STYLE = Automatic;
				CURRENT_PROJECT_VERSION = 1;
				DEVELOPMENT_TEAM = H7BM7N56V5;
				GENERATE_INFOPLIST_FILE = YES;
				INFOPLIST_FILE = "Posterr/Supporting-Files/Info.plist";
				INFOPLIST_KEY_UIApplicationSupportsIndirectInputEvents = YES;
				INFOPLIST_KEY_UILaunchStoryboardName = LaunchScreen;
				INFOPLIST_KEY_UISupportedInterfaceOrientations_iPad = "UIInterfaceOrientationPortrait UIInterfaceOrientationPortraitUpsideDown UIInterfaceOrientationLandscapeLeft UIInterfaceOrientationLandscapeRight";
				INFOPLIST_KEY_UISupportedInterfaceOrientations_iPhone = "UIInterfaceOrientationPortrait UIInterfaceOrientationLandscapeLeft UIInterfaceOrientationLandscapeRight";
				LD_RUNPATH_SEARCH_PATHS = (
					"$(inherited)",
					"@executable_path/Frameworks",
				);
				MARKETING_VERSION = 1.0;
				PRODUCT_BUNDLE_IDENTIFIER = com.vcoutasso.Posterr;
				PRODUCT_NAME = "$(TARGET_NAME)";
				SWIFT_EMIT_LOC_STRINGS = YES;
				SWIFT_VERSION = 5.0;
				TARGETED_DEVICE_FAMILY = "1,2";
			};
			name = Release;
		};
		4C700E922896355600097CE4 /* Debug */ = {
			isa = XCBuildConfiguration;
			buildSettings = {
				ALWAYS_EMBED_SWIFT_STANDARD_LIBRARIES = YES;
				BUNDLE_LOADER = "$(TEST_HOST)";
				CLANG_ENABLE_MODULES = YES;
				CODE_SIGN_STYLE = Automatic;
				CURRENT_PROJECT_VERSION = 1;
				DEVELOPMENT_TEAM = H7BM7N56V5;
				GENERATE_INFOPLIST_FILE = YES;
				IPHONEOS_DEPLOYMENT_TARGET = 15.5;
				LD_RUNPATH_SEARCH_PATHS = (
					"$(inherited)",
					"@executable_path/Frameworks",
					"@loader_path/Frameworks",
				);
				MARKETING_VERSION = 1.0;
				PRODUCT_BUNDLE_IDENTIFIER = com.vcoutasso.PosterrTests;
				PRODUCT_NAME = "$(TARGET_NAME)";
				SWIFT_EMIT_LOC_STRINGS = NO;
				SWIFT_OPTIMIZATION_LEVEL = "-Onone";
				SWIFT_VERSION = 5.0;
				TARGETED_DEVICE_FAMILY = "1,2";
				TEST_HOST = "$(BUILT_PRODUCTS_DIR)/Posterr.app/Posterr";
			};
			name = Debug;
		};
		4C700E932896355600097CE4 /* Release */ = {
			isa = XCBuildConfiguration;
			buildSettings = {
				ALWAYS_EMBED_SWIFT_STANDARD_LIBRARIES = YES;
				BUNDLE_LOADER = "$(TEST_HOST)";
				CLANG_ENABLE_MODULES = YES;
				CODE_SIGN_STYLE = Automatic;
				CURRENT_PROJECT_VERSION = 1;
				DEVELOPMENT_TEAM = H7BM7N56V5;
				GENERATE_INFOPLIST_FILE = YES;
				IPHONEOS_DEPLOYMENT_TARGET = 15.5;
				LD_RUNPATH_SEARCH_PATHS = (
					"$(inherited)",
					"@executable_path/Frameworks",
					"@loader_path/Frameworks",
				);
				MARKETING_VERSION = 1.0;
				PRODUCT_BUNDLE_IDENTIFIER = com.vcoutasso.PosterrTests;
				PRODUCT_NAME = "$(TARGET_NAME)";
				SWIFT_EMIT_LOC_STRINGS = NO;
				SWIFT_VERSION = 5.0;
				TARGETED_DEVICE_FAMILY = "1,2";
				TEST_HOST = "$(BUILT_PRODUCTS_DIR)/Posterr.app/Posterr";
			};
			name = Release;
		};
		4C700E952896355600097CE4 /* Debug */ = {
			isa = XCBuildConfiguration;
			buildSettings = {
				ALWAYS_EMBED_SWIFT_STANDARD_LIBRARIES = YES;
				CODE_SIGN_STYLE = Automatic;
				CURRENT_PROJECT_VERSION = 1;
				DEVELOPMENT_TEAM = H7BM7N56V5;
				GENERATE_INFOPLIST_FILE = YES;
				MARKETING_VERSION = 1.0;
				PRODUCT_BUNDLE_IDENTIFIER = com.vcoutasso.PosterrUITests;
				PRODUCT_NAME = "$(TARGET_NAME)";
				SWIFT_EMIT_LOC_STRINGS = NO;
				SWIFT_VERSION = 5.0;
				TARGETED_DEVICE_FAMILY = "1,2";
				TEST_TARGET_NAME = Posterr;
			};
			name = Debug;
		};
		4C700E962896355600097CE4 /* Release */ = {
			isa = XCBuildConfiguration;
			buildSettings = {
				ALWAYS_EMBED_SWIFT_STANDARD_LIBRARIES = YES;
				CODE_SIGN_STYLE = Automatic;
				CURRENT_PROJECT_VERSION = 1;
				DEVELOPMENT_TEAM = H7BM7N56V5;
				GENERATE_INFOPLIST_FILE = YES;
				MARKETING_VERSION = 1.0;
				PRODUCT_BUNDLE_IDENTIFIER = com.vcoutasso.PosterrUITests;
				PRODUCT_NAME = "$(TARGET_NAME)";
				SWIFT_EMIT_LOC_STRINGS = NO;
				SWIFT_VERSION = 5.0;
				TARGETED_DEVICE_FAMILY = "1,2";
				TEST_TARGET_NAME = Posterr;
			};
			name = Release;
		};
/* End XCBuildConfiguration section */

/* Begin XCConfigurationList section */
		4C700E5F2896355400097CE4 /* Build configuration list for PBXProject "Posterr" */ = {
			isa = XCConfigurationList;
			buildConfigurations = (
				4C700E8C2896355600097CE4 /* Debug */,
				4C700E8D2896355600097CE4 /* Release */,
			);
			defaultConfigurationIsVisible = 0;
			defaultConfigurationName = Release;
		};
		4C700E8E2896355600097CE4 /* Build configuration list for PBXNativeTarget "Posterr" */ = {
			isa = XCConfigurationList;
			buildConfigurations = (
				4C700E8F2896355600097CE4 /* Debug */,
				4C700E902896355600097CE4 /* Release */,
			);
			defaultConfigurationIsVisible = 0;
			defaultConfigurationName = Release;
		};
		4C700E912896355600097CE4 /* Build configuration list for PBXNativeTarget "PosterrTests" */ = {
			isa = XCConfigurationList;
			buildConfigurations = (
				4C700E922896355600097CE4 /* Debug */,
				4C700E932896355600097CE4 /* Release */,
			);
			defaultConfigurationIsVisible = 0;
			defaultConfigurationName = Release;
		};
		4C700E942896355600097CE4 /* Build configuration list for PBXNativeTarget "PosterrUITests" */ = {
			isa = XCConfigurationList;
			buildConfigurations = (
				4C700E952896355600097CE4 /* Debug */,
				4C700E962896355600097CE4 /* Release */,
			);
			defaultConfigurationIsVisible = 0;
			defaultConfigurationName = Release;
		};
/* End XCConfigurationList section */
	};
	rootObject = 4C700E5C2896355400097CE4 /* Project object */;
}
